mod:
  id: "better_structure_block"
  ids_declarados:
    - "better_structure_block"
  nome: "Better Structure Block"
  arquivo: "better_structure_block-forge1.20.1-2.0.2.jar"
  artefatos:
    - artifactId: "sha256:0cc7da674c452a30c208d59e82c733d8160cc5496699da9b631de36ed22da76c"
      fileName: "better_structure_block-forge1.20.1-2.0.2.jar"
      sha256: "0cc7da674c452a30c208d59e82c733d8160cc5496699da9b631de36ed22da76c"
      bytes: 20614
      state: "active"
      contexts:
        - "embedded_client"
        - "server_active"
      modVersion: "2.0.2"
  versao_instalada: "2.0.2"
  versoes_observadas_incluindo_desativadas:
    - "2.0.2"
  minecraft: "1.20.1"
  loader:
    - "forge"
  lado: "ambos"
  categoria: "mundo"
  descricao_curta: "A better structure block without limited size. (48*48*48 is too small!)"
  funcao_principal: "A better structure block without limited size. (48*48*48 is too small!)"
  essencial: true
  nivel_importancia: 1
  pode_ser_removido: false
  impacto_remocao: "alto"
  dependencias_obrigatorias:
    - "forge"
    - "minecraft"
  dependencias_opcionais: []
  dependentes: []
  integracoes: []
  configs_principais: []
  riscos:
    - "pode registrar conteúdo persistente ou orientado a dados"
    - "origem/licença ainda não ligada a um provedor"
  impacto_desempenho: "geração de mundo e tick"
  observacoes:
    - "contextos: cliente privado de referência, servidor ativo"
    - "compatibilidade: possivelmente compativel"
  confianca:
    nivel: "alta"
    origem: "metadatos do loader, hashes e inventários sanitizados"
    evidencias:
      - "META-INF/mods.toml"
      - "artefato/mod_id observado no servidor e em cliente de referência"
manutencao:
  atualizar_com_seguranca: "somente com backup, changelog do provedor e smoke test"
  remover_com_seguranca: false
  exige_backup: true
  exige_novo_mundo: true
  pode_corromper_chunks: "possivel"
  pode_remover_itens: true
  pode_quebrar_receitas: false
  pode_quebrar_scripts: false
  pode_quebrar_progressao: true
  procedimento_recomendado: "clonar ambiente, fazer backup verificável, alterar um componente por vez, iniciar mundo descartável, conectar cliente e testar restauração"
  impacto_remocao: "alto"
